<?xml version="1.0" encoding="utf-8"?>
<Project ToolsVersion="4.0" xmlns="http://schemas.microsoft.com/developer/msbuild/2003">
  <ItemGroup>
    <Filter Include="Source Files">
      <UniqueIdentifier>{4FC737F1-C7A5-4376-A066-2A32D752A2FF}</UniqueIdentifier>
      <Extensions>cpp;c;cc;cxx;def;odl;idl;hpj;bat;asm;asmx</Extensions>
    </Filter>
    <Filter Include="Header Files">
      <UniqueIdentifier>{93995380-89BD-4b04-88EB-625FBE52EBFB}</UniqueIdentifier>
      <Extensions>h;hh;hpp;hxx;hm;inl;inc;xsd</Extensions>
    </Filter>
    <Filter Include="Resource Files">
      <UniqueIdentifier>{67DA6AB6-F800-4c08-8B7A-83BB121AAD01}</UniqueIdentifier>
      <Extensions>rc;ico;cur;bmp;dlg;rc2;rct;bin;rgs;gif;jpg;jpeg;jpe;resx;tiff;tif;png;wav;mfcribbon-ms</Extensions>
    </Filter>
  </ItemGroup>
  <ItemGroup>
    <Text Include="ReadMe.txt" />
  </ItemGroup>
  <ItemGroup>
    <ClCompile Include="..\..\openvdb\Grid.cc">
      <Filter>Source Files</Filter>
    </ClCompile>
    <ClCompile Include="..\..\openvdb\io\Archive.cc">
      <Filter>Source Files</Filter>
    </ClCompile>
    <ClCompile Include="..\..\openvdb\io\Compression.cc">
      <Filter>Source Files</Filter>
    </ClCompile>
    <ClCompile Include="..\..\openvdb\io\File.cc">
      <Filter>Source Files</Filter>
    </ClCompile>
    <ClCompile Include="..\..\openvdb\io\GridDescriptor.cc">
      <Filter>Source Files</Filter>
    </ClCompile>
    <ClCompile Include="..\..\openvdb\io\Queue.cc">
      <Filter>Source Files</Filter>
    </ClCompile>
    <ClCompile Include="..\..\openvdb\io\Stream.cc">
      <Filter>Source Files</Filter>
    </ClCompile>
    <ClCompile Include="..\..\openvdb\math\Hermite.cc">
      <Filter>Source Files</Filter>
    </ClCompile>
    <ClCompile Include="..\..\openvdb\math\Maps.cc">
      <Filter>Source Files</Filter>
    </ClCompile>
    <ClCompile Include="..\..\openvdb\math\Proximity.cc">
      <Filter>Source Files</Filter>
    </ClCompile>
    <ClCompile Include="..\..\openvdb\math\QuantizedUnitVec.cc">
      <Filter>Source Files</Filter>
    </ClCompile>
    <ClCompile Include="..\..\openvdb\math\Transform.cc">
      <Filter>Source Files</Filter>
    </ClCompile>
    <ClCompile Include="..\..\openvdb\metadata\Metadata.cc">
      <Filter>Source Files</Filter>
    </ClCompile>
    <ClCompile Include="..\..\openvdb\metadata\MetaMap.cc">
      <Filter>Source Files</Filter>
    </ClCompile>
    <ClCompile Include="..\..\openvdb\openvdb.cc">
      <Filter>Source Files</Filter>
    </ClCompile>
    <ClCompile Include="..\..\openvdb\Platform.cc">
      <Filter>Source Files</Filter>
    </ClCompile>
    <ClCompile Include="..\..\openvdb\util\Formats.cc">
      <Filter>Source Files</Filter>
    </ClCompile>
    <ClCompile Include="..\..\openvdb\util\Util.cc">
      <Filter>Source Files</Filter>
    </ClCompile>
  </ItemGroup>
  <ItemGroup>
    <ClInclude Include="..\..\openvdb\Exceptions.h">
      <Filter>Header Files</Filter>
    </ClInclude>
    <ClInclude Include="..\..\openvdb\Grid.h">
      <Filter>Header Files</Filter>
    </ClInclude>
    <ClInclude Include="..\..\openvdb\io\Archive.h">
      <Filter>Header Files</Filter>
    </ClInclude>
    <ClInclude Include="..\..\openvdb\io\Compression.h">
      <Filter>Header Files</Filter>
    </ClInclude>
    <ClInclude Include="..\..\openvdb\io\File.h">
      <Filter>Header Files</Filter>
    </ClInclude>
    <ClInclude Include="..\..\openvdb\io\GridDescriptor.h">
      <Filter>Header Files</Filter>
    </ClInclude>
    <ClInclude Include="..\..\openvdb\io\Queue.h">
      <Filter>Header Files</Filter>
    </ClInclude>
    <ClInclude Include="..\..\openvdb\io\Stream.h">
      <Filter>Header Files</Filter>
    </ClInclude>
    <ClInclude Include="..\..\openvdb\math\BBox.h">
      <Filter>Header Files</Filter>
    </ClInclude>
    <ClInclude Include="..\..\openvdb\math\Coord.h">
      <Filter>Header Files</Filter>
    </ClInclude>
    <ClInclude Include="..\..\openvdb\math\DDA.h">
      <Filter>Header Files</Filter>
    </ClInclude>
    <ClInclude Include="..\..\openvdb\math\FiniteDifference.h">
      <Filter>Header Files</Filter>
    </ClInclude>
    <ClInclude Include="..\..\openvdb\math\Hermite.h">
      <Filter>Header Files</Filter>
    </ClInclude>
    <ClInclude Include="..\..\openvdb\math\LegacyFrustum.h">
      <Filter>Header Files</Filter>
    </ClInclude>
    <ClInclude Include="..\..\openvdb\math\Maps.h">
      <Filter>Header Files</Filter>
    </ClInclude>
    <ClInclude Include="..\..\openvdb\math\Mat.h">
      <Filter>Header Files</Filter>
    </ClInclude>
    <ClInclude Include="..\..\openvdb\math\Mat3.h">
      <Filter>Header Files</Filter>
    </ClInclude>
    <ClInclude Include="..\..\openvdb\math\Mat4.h">
      <Filter>Header Files</Filter>
    </ClInclude>
    <ClInclude Include="..\..\openvdb\math\Math.h">
      <Filter>Header Files</Filter>
    </ClInclude>
    <ClInclude Include="..\..\openvdb\math\Operators.h">
      <Filter>Header Files</Filter>
    </ClInclude>
    <ClInclude Include="..\..\openvdb\math\Proximity.h">
      <Filter>Header Files</Filter>
    </ClInclude>
    <ClInclude Include="..\..\openvdb\math\QuantizedUnitVec.h">
      <Filter>Header Files</Filter>
    </ClInclude>
    <ClInclude Include="..\..\openvdb\math\Quat.h">
      <Filter>Header Files</Filter>
    </ClInclude>
    <ClInclude Include="..\..\openvdb\math\Ray.h">
      <Filter>Header Files</Filter>
    </ClInclude>
    <ClInclude Include="..\..\openvdb\math\Stats.h">
      <Filter>Header Files</Filter>
    </ClInclude>
    <ClInclude Include="..\..\openvdb\math\Stencils.h">
      <Filter>Header Files</Filter>
    </ClInclude>
    <ClInclude Include="..\..\openvdb\math\Transform.h">
      <Filter>Header Files</Filter>
    </ClInclude>
    <ClInclude Include="..\..\openvdb\math\Tuple.h">
      <Filter>Header Files</Filter>
    </ClInclude>
    <ClInclude Include="..\..\openvdb\math\Vec2.h">
      <Filter>Header Files</Filter>
    </ClInclude>
    <ClInclude Include="..\..\openvdb\math\Vec3.h">
      <Filter>Header Files</Filter>
    </ClInclude>
    <ClInclude Include="..\..\openvdb\math\Vec4.h">
      <Filter>Header Files</Filter>
    </ClInclude>
    <ClInclude Include="..\..\openvdb\Metadata.h">
      <Filter>Header Files</Filter>
    </ClInclude>
    <ClInclude Include="..\..\openvdb\metadata\Metadata.h">
      <Filter>Header Files</Filter>
    </ClInclude>
    <ClInclude Include="..\..\openvdb\metadata\MetaMap.h">
      <Filter>Header Files</Filter>
    </ClInclude>
    <ClInclude Include="..\..\openvdb\metadata\StringMetadata.h">
      <Filter>Header Files</Filter>
    </ClInclude>
    <ClInclude Include="..\..\openvdb\openvdb.h">
      <Filter>Header Files</Filter>
    </ClInclude>
    <ClInclude Include="..\..\openvdb\Platform.h">
      <Filter>Header Files</Filter>
    </ClInclude>
    <ClInclude Include="..\..\openvdb\PlatformConfig.h">
      <Filter>Header Files</Filter>
    </ClInclude>
    <ClInclude Include="..\..\openvdb\tools\Composite.h">
      <Filter>Header Files</Filter>
    </ClInclude>
    <ClInclude Include="..\..\openvdb\tools\Dense.h">
      <Filter>Header Files</Filter>
    </ClInclude>
    <ClInclude Include="..\..\openvdb\tools\DenseSparseTools.h">
      <Filter>Header Files</Filter>
    </ClInclude>
    <ClInclude Include="..\..\openvdb\tools\Filter.h">
      <Filter>Header Files</Filter>
    </ClInclude>
    <ClInclude Include="..\..\openvdb\tools\GridOperators.h">
      <Filter>Header Files</Filter>
    </ClInclude>
    <ClInclude Include="..\..\openvdb\tools\GridTransformer.h">
      <Filter>Header Files</Filter>
    </ClInclude>
    <ClInclude Include="..\..\openvdb\tools\Interpolation.h">
      <Filter>Header Files</Filter>
    </ClInclude>
    <ClInclude Include="..\..\openvdb\tools\LevelSetAdvect.h">
      <Filter>Header Files</Filter>
    </ClInclude>
    <ClInclude Include="..\..\openvdb\tools\LevelSetFilter.h">
      <Filter>Header Files</Filter>
    </ClInclude>
    <ClInclude Include="..\..\openvdb\tools\LevelSetFracture.h">
      <Filter>Header Files</Filter>
    </ClInclude>
    <ClInclude Include="..\..\openvdb\tools\LevelSetMeasure.h">
      <Filter>Header Files</Filter>
    </ClInclude>
    <ClInclude Include="..\..\openvdb\tools\LevelSetMorph.h">
      <Filter>Header Files</Filter>
    </ClInclude>
    <ClInclude Include="..\..\openvdb\tools\LevelSetRebuild.h">
      <Filter>Header Files</Filter>
    </ClInclude>
    <ClInclude Include="..\..\openvdb\tools\LevelSetSphere.h">
      <Filter>Header Files</Filter>
    </ClInclude>
    <ClInclude Include="..\..\openvdb\tools\LevelSetTracker.h">
      <Filter>Header Files</Filter>
    </ClInclude>
    <ClInclude Include="..\..\openvdb\tools\LevelSetUtil.h">
      <Filter>Header Files</Filter>
    </ClInclude>
    <ClInclude Include="..\..\openvdb\tools\MeshToVolume.h">
      <Filter>Header Files</Filter>
    </ClInclude>
    <ClInclude Include="..\..\openvdb\tools\Morphology.h">
      <Filter>Header Files</Filter>
    </ClInclude>
    <ClInclude Include="..\..\openvdb\tools\ParticlesToLevelSet.h">
      <Filter>Header Files</Filter>
    </ClInclude>
    <ClInclude Include="..\..\openvdb\tools\PointAdvect.h">
      <Filter>Header Files</Filter>
    </ClInclude>
    <ClInclude Include="..\..\openvdb\tools\PointScatter.h">
      <Filter>Header Files</Filter>
    </ClInclude>
    <ClInclude Include="..\..\openvdb\tools\RayIntersector.h">
      <Filter>Header Files</Filter>
    </ClInclude>
    <ClInclude Include="..\..\openvdb\tools\RayTracer.h">
      <Filter>Header Files</Filter>
    </ClInclude>
    <ClInclude Include="..\..\openvdb\tools\Statistics.h">
      <Filter>Header Files</Filter>
    </ClInclude>
    <ClInclude Include="..\..\openvdb\tools\ValueTransformer.h">
      <Filter>Header Files</Filter>
    </ClInclude>
    <ClInclude Include="..\..\openvdb\tools\VectorTransformer.h">
      <Filter>Header Files</Filter>
    </ClInclude>
    <ClInclude Include="..\..\openvdb\tools\VolumeToMesh.h">
      <Filter>Header Files</Filter>
    </ClInclude>
    <ClInclude Include="..\..\openvdb\tools\VolumeToSpheres.h">
      <Filter>Header Files</Filter>
    </ClInclude>
    <ClInclude Include="..\..\openvdb\tree\InternalNode.h">
      <Filter>Header Files</Filter>
    </ClInclude>
    <ClInclude Include="..\..\openvdb\tree\Iterator.h">
      <Filter>Header Files</Filter>
    </ClInclude>
    <ClInclude Include="..\..\openvdb\tree\LeafManager.h">
      <Filter>Header Files</Filter>
    </ClInclude>
    <ClInclude Include="..\..\openvdb\tree\LeafNode.h">
      <Filter>Header Files</Filter>
    </ClInclude>
    <ClInclude Include="..\..\openvdb\tree\LeafNodeBool.h">
      <Filter>Header Files</Filter>
    </ClInclude>
    <ClInclude Include="..\..\openvdb\tree\NodeUnion.h">
      <Filter>Header Files</Filter>
    </ClInclude>
    <ClInclude Include="..\..\openvdb\tree\RootNode.h">
      <Filter>Header Files</Filter>
    </ClInclude>
    <ClInclude Include="..\..\openvdb\tree\Tree.h">
      <Filter>Header Files</Filter>
    </ClInclude>
    <ClInclude Include="..\..\openvdb\tree\TreeIterator.h">
      <Filter>Header Files</Filter>
    </ClInclude>
    <ClInclude Include="..\..\openvdb\tree\Util.h">
      <Filter>Header Files</Filter>
    </ClInclude>
    <ClInclude Include="..\..\openvdb\tree\ValueAccessor.h">
      <Filter>Header Files</Filter>
    </ClInclude>
    <ClInclude Include="..\..\openvdb\Types.h">
      <Filter>Header Files</Filter>
    </ClInclude>
    <ClInclude Include="..\..\openvdb\util\CpuTimer.h">
      <Filter>Header Files</Filter>
    </ClInclude>
    <ClInclude Include="..\..\openvdb\util\Formats.h">
      <Filter>Header Files</Filter>
    </ClInclude>
    <ClInclude Include="..\..\openvdb\util\logging.h">
      <Filter>Header Files</Filter>
    </ClInclude>
    <ClInclude Include="..\..\openvdb\util\MapsUtil.h">
      <Filter>Header Files</Filter>
    </ClInclude>
    <ClInclude Include="..\..\openvdb\util\Name.h">
      <Filter>Header Files</Filter>
    </ClInclude>
    <ClInclude Include="..\..\openvdb\util\NodeMasks.h">
      <Filter>Header Files</Filter>
    </ClInclude>
    <ClInclude Include="..\..\openvdb\util\NullInterrupter.h">
      <Filter>Header Files</Filter>
    </ClInclude>
    <ClInclude Include="..\..\openvdb\util\Util.h">
      <Filter>Header Files</Filter>
    </ClInclude>
    <ClInclude Include="..\..\openvdb\version.h">
      <Filter>Header Files</Filter>
    </ClInclude>
  </ItemGroup>
</Project>